// !$*UTF8*$!
{
	archiveVersion = 1;
	classes = {
	};
	objectVersion = 56;
	objects = {

/* Begin PBXBuildFile section */
		FB159AC92BE68E2000C66BEF /* DetailsViewController.swift in Sources */ = {isa = PBXBuildFile; fileRef = FB159AC82BE68E2000C66BEF /* DetailsViewController.swift */; };
		FBF6812A2BDD5A8B00C34B0D /* AppDelegate.swift in Sources */ = {isa = PBXBuildFile; fileRef = FBF681292BDD5A8B00C34B0D /* AppDelegate.swift */; };
		FBF6812C2BDD5A8B00C34B0D /* SceneDelegate.swift in Sources */ = {isa = PBXBuildFile; fileRef = FBF6812B2BDD5A8B00C34B0D /* SceneDelegate.swift */; };
		FBF6812E2BDD5A8B00C34B0D /* ViewController.swift in Sources */ = {isa = PBXBuildFile; fileRef = FBF6812D2BDD5A8B00C34B0D /* ViewController.swift */; };
		FBF681312BDD5A8B00C34B0D /* Base in Resources */ = {isa = PBXBuildFile; fileRef = FBF681302BDD5A8B00C34B0D /* Base */; };
		FBF681332BDD5A8C00C34B0D /* Assets.xcassets in Resources */ = {isa = PBXBuildFile; fileRef = FBF681322BDD5A8C00C34B0D /* Assets.xcassets */; };
		FBF681362BDD5A8C00C34B0D /* Base in Resources */ = {isa = PBXBuildFile; fileRef = FBF681352BDD5A8C00C34B0D /* Base */; };
		FBF6813E2BDD5AA400C34B0D /* Pokemon.swift in Sources */ = {isa = PBXBuildFile; fileRef = FBF6813D2BDD5AA400C34B0D /* Pokemon.swift */; };
		FBF681402BDD5AD400C34B0D /* PokemonTableViewCell.swift in Sources */ = {isa = PBXBuildFile; fileRef = FBF6813F2BDD5AD400C34B0D /* PokemonTableViewCell.swift */; };
/* End PBXBuildFile section */

/* Begin PBXFileReference section */
		FB159AC82BE68E2000C66BEF /* DetailsViewController.swift */ = {isa = PBXFileReference; lastKnownFileType = sourcecode.swift; path = DetailsViewController.swift; sourceTree = "<group>"; };
		FBF681262BDD5A8B00C34B0D /* PracticaExamen.app */ = {isa = PBXFileReference; explicitFileType = wrapper.application; includeInIndex = 0; path = PracticaExamen.app; sourceTree = BUILT_PRODUCTS_DIR; };
		FBF681292BDD5A8B00C34B0D /* AppDelegate.swift */ = {isa = PBXFileReference; lastKnownFileType = sourcecode.swift; path = AppDelegate.swift; sourceTree = "<group>"; };
		FBF6812B2BDD5A8B00C34B0D /* SceneDelegate.swift */ = {isa = PBXFileReference; lastKnownFileType = sourcecode.swift; path = SceneDelegate.swift; sourceTree = "<group>"; };
		FBF6812D2BDD5A8B00C34B0D /* ViewController.swift */ = {isa = PBXFileReference; lastKnownFileType = sourcecode.swift; path = ViewController.swift; sourceTree = "<group>"; };
		FBF681302BDD5A8B00C34B0D /* Base */ = {isa = PBXFileReference; lastKnownFileType = file.storyboard; name = Base; path = Base.lproj/Main.storyboard; sourceTree = "<group>"; };
		FBF681322BDD5A8C00C34B0D /* Assets.xcassets */ = {isa = PBXFileReference; lastKnownFileType = folder.assetcatalog; path = Assets.xcassets; sourceTree = "<group>"; };
		FBF681352BDD5A8C00C34B0D /* Base */ = {isa = PBXFileReference; lastKnownFileType = file.storyboard; name = Base; path = Base.lproj/LaunchScreen.storyboard; sourceTree = "<group>"; };
		FBF681372BDD5A8C00C34B0D /* Info.plist */ = {isa = PBXFileReference; lastKnownFileType = text.plist.xml; path = Info.plist; sourceTree = "<group>"; };
		FBF6813D2BDD5AA400C34B0D /* Pokemon.swift */ = {isa = PBXFileReference; lastKnownFileType = sourcecode.swift; path = Pokemon.swift; sourceTree = "<group>"; };
		FBF6813F2BDD5AD400C34B0D /* PokemonTableViewCell.swift */ = {isa = PBXFileReference; lastKnownFileType = sourcecode.swift; path = PokemonTableViewCell.swift; sourceTree = "<group>"; };
/* End PBXFileReference section */

/* Begin PBXFrameworksBuildPhase section */
		FBF681232BDD5A8B00C34B0D /* Frameworks */ = {
			isa = PBXFrameworksBuildPhase;
			buildActionMask = 2147483647;
			files = (
			);
			runOnlyForDeploymentPostprocessing = 0;
		};
/* End PBXFrameworksBuildPhase section */

/* Begin PBXGroup section */
		FBF6811D2BDD5A8B00C34B0D = {
			isa = PBXGroup;
			children = (
				FBF681282BDD5A8B00C34B0D /* PracticaExamen */,
				FBF681272BDD5A8B00C34B0D /* Products */,
			);
			sourceTree = "<group>";
		};
		FBF681272BDD5A8B00C34B0D /* Products */ = {
			isa = PBXGroup;
			children = (
				FBF681262BDD5A8B00C34B0D /* PracticaExamen.app */,
			);
			name = Products;
			sourceTree = "<group>";
		};
		FBF681282BDD5A8B00C34B0D /* PracticaExamen */ = {
			isa = PBXGroup;
			children = (
				FBF681292BDD5A8B00C34B0D /* AppDelegate.swift */,
				FBF6812B2BDD5A8B00C34B0D /* SceneDelegate.swift */,
				FBF6812D2BDD5A8B00C34B0D /* ViewController.swift */,
				FBF6812F2BDD5A8B00C34B0D /* Main.storyboard */,
				FB159AC82BE68E2000C66BEF /* DetailsViewController.swift */,
				FBF6813D2BDD5AA400C34B0D /* Pokemon.swift */,
				FBF6813F2BDD5AD400C34B0D /* PokemonTableViewCell.swift */,
				FBF681322BDD5A8C00C34B0D /* Assets.xcassets */,
				FBF681342BDD5A8C00C34B0D /* LaunchScreen.storyboard */,
				FBF681372BDD5A8C00C34B0D /* Info.plist */,
			);
			path = PracticaExamen;
			sourceTree = "<group>";
		};
/* End PBXGroup section */

/* Begin PBXNativeTarget section */
		FBF681252BDD5A8B00C34B0D /* PracticaExamen */ = {
			isa = PBXNativeTarget;
			buildConfigurationList = FBF6813A2BDD5A8C00C34B0D /* Build configuration list for PBXNativeTarget "PracticaExamen" */;
			buildPhases = (
				FBF681222BDD5A8B00C34B0D /* Sources */,
				FBF681232BDD5A8B00C34B0D /* Frameworks */,
				FBF681242BDD5A8B00C34B0D /* Resources */,
			);
			buildRules = (
			);
			dependencies = (
			);
			name = PracticaExamen;
			productName = PracticaExamen;
			productReference = FBF681262BDD5A8B00C34B0D /* PracticaExamen.app */;
			productType = "com.apple.product-type.application";
		};
/* End PBXNativeTarget section */

/* Begin PBXProject section */
		FBF6811E2BDD5A8B00C34B0D /* Project object */ = {
			isa = PBXProject;
			attributes = {
				BuildIndependentTargetsInParallel = 1;
				LastSwiftUpdateCheck = 1530;
				LastUpgradeCheck = 1530;
				TargetAttributes = {
					FBF681252BDD5A8B00C34B0D = {
						CreatedOnToolsVersion = 15.3;
					};
				};
			};
			buildConfigurationList = FBF681212BDD5A8B00C34B0D /* Build configuration list for PBXProject "PracticaExamen" */;
			compatibilityVersion = "Xcode 14.0";
			developmentRegion = en;
			hasScannedForEncodings = 0;
			knownRegions = (
				en,
				Base,
			);
			mainGroup = FBF6811D2BDD5A8B00C34B0D;
			productRefGroup = FBF681272BDD5A8B00C34B0D /* Products */;
			projectDirPath = "";
			projectRoot = "";
			targets = (
				FBF681252BDD5A8B00C34B0D /* PracticaExamen */,
			);
		};
/* End PBXProject section */

/* Begin PBXResourcesBuildPhase section */
		FBF681242BDD5A8B00C34B0D /* Resources */ = {
			isa = PBXResourcesBuildPhase;
			buildActionMask = 2147483647;
			files = (
				FBF681332BDD5A8C00C34B0D /* Assets.xcassets in Resources */,
				FBF681362BDD5A8C00C34B0D /* Base in Resources */,
				FBF681312BDD5A8B00C34B0D /* Base in Resources */,
			);
			runOnlyForDeploymentPostprocessing = 0;
		};
/* End PBXResourcesBuildPhase section */

/* Begin PBXSourcesBuildPhase section */
		FBF681222BDD5A8B00C34B0D /* Sources */ = {
			isa = PBXSourcesBuildPhase;
			buildActionMask = 2147483647;
			files = (
				FBF6812E2BDD5A8B00C34B0D /* ViewController.swift in Sources */,
				FBF6813E2BDD5AA400C34B0D /* Pokemon.swift in Sources */,
				FBF6812A2BDD5A8B00C34B0D /* AppDelegate.swift in Sources */,
				FBF681402BDD5AD400C34B0D /* PokemonTableViewCell.swift in Sources */,
				FBF6812C2BDD5A8B00C34B0D /* SceneDelegate.swift in Sources */,
				FB159AC92BE68E2000C66BEF /* DetailsViewController.swift in Sources */,
			);
			runOnlyForDeploymentPostprocessing = 0;
		};
/* End PBXSourcesBuildPhase section */

/* Begin PBXVariantGroup section */
		FBF6812F2BDD5A8B00C34B0D /* Main.storyboard */ = {
			isa = PBXVariantGroup;
			children = (
				FBF681302BDD5A8B00C34B0D /* Base */,
			);
			name = Main.storyboard;
			sourceTree = "<group>";
		};
		FBF681342BDD5A8C00C34B0D /* LaunchScreen.storyboard */ = {
			isa = PBXVariantGroup;
			children = (
				FBF681352BDD5A8C00C34B0D /* Base */,
			);
			name = LaunchScreen.storyboard;
			sourceTree = "<group>";
		};
/* End PBXVariantGroup section */

/* Begin XCBuildConfiguration section */
		FBF681382BDD5A8C00C34B0D /* Debug */ = {
			isa = XCBuildConfiguration;
			buildSettings = {
				ALWAYS_SEARCH_USER_PATHS = NO;
				ASSETCATALOG_COMPILER_GENERATE_SWIFT_ASSET_SYMBOL_EXTENSIONS = YES;
				CLANG_ANALYZER_NONNULL = YES;
				CLANG_ANALYZER_NUMBER_OBJECT_CONVERSION = YES_AGGRESSIVE;
				CLANG_CXX_LANGUAGE_STANDARD = "gnu++20";
				CLANG_ENABLE_MODULES = YES;
				CLANG_ENABLE_OBJC_ARC = YES;
				CLANG_ENABLE_OBJC_WEAK = YES;
				CLANG_WARN_BLOCK_CAPTURE_AUTORELEASING = YES;
				CLANG_WARN_BOOL_CONVERSION = YES;
				CLANG_WARN_COMMA = YES;
				CLANG_WARN_CONSTANT_CONVERSION = YES;
				CLANG_WARN_DEPRECATED_OBJC_IMPLEMENTATIONS = YES;
				CLANG_WARN_DIRECT_OBJC_ISA_USAGE = YES_ERROR;
				CLANG_WARN_DOCUMENTATION_COMMENTS = YES;
				CLANG_WARN_EMPTY_BODY = YES;
				CLANG_WARN_ENUM_CONVERSION = YES;
				CLANG_WARN_INFINITE_RECURSION = YES;
				CLANG_WARN_INT_CONVERSION = YES;
				CLANG_WARN_NON_LITERAL_NULL_CONVERSION = YES;
				CLANG_WARN_OBJC_IMPLICIT_RETAIN_SELF = YES;
				CLANG_WARN_OBJC_LITERAL_CONVERSION = YES;
				CLANG_WARN_OBJC_ROOT_CLASS = YES_ERROR;
				CLANG_WARN_QUOTED_INCLUDE_IN_FRAMEWORK_HEADER = YES;
				CLANG_WARN_RANGE_LOOP_ANALYSIS = YES;
				CLANG_WARN_STRICT_PROTOTYPES = YES;
				CLANG_WARN_SUSPICIOUS_MOVE = YES;
				CLANG_WARN_UNGUARDED_AVAILABILITY = YES_AGGRESSIVE;
				CLANG_WARN_UNREACHABLE_CODE = YES;
				CLANG_WARN__DUPLICATE_METHOD_MATCH = YES;
				COPY_PHASE_STRIP = NO;
				DEBUG_INFORMATION_FORMAT = dwarf;
				ENABLE_STRICT_OBJC_MSGSEND = YES;
				ENABLE_TESTABILITY = YES;
				ENABLE_USER_SCRIPT_SANDBOXING = YES;
				GCC_C_LANGUAGE_STANDARD = gnu17;
				GCC_DYNAMIC_NO_PIC = NO;
				GCC_NO_COMMON_BLOCKS = YES;
				GCC_OPTIMIZATION_LEVEL = 0;
				GCC_PREPROCESSOR_DEFINITIONS = (
					"DEBUG=1",
					"$(inherited)",
				);
				GCC_WARN_64_TO_32_BIT_CONVERSION = YES;
				GCC_WARN_ABOUT_RETURN_TYPE = YES_ERROR;
				GCC_WARN_UNDECLARED_SELECTOR = YES;
				GCC_WARN_UNINITIALIZED_AUTOS = YES_AGGRESSIVE;
				GCC_WARN_UNUSED_FUNCTION = YES;
				GCC_WARN_UNUSED_VARIABLE = YES;
				IPHONEOS_DEPLOYMENT_TARGET = 17.4;
				LOCALIZATION_PREFERS_STRING_CATALOGS = YES;
				MTL_ENABLE_DEBUG_INFO = INCLUDE_SOURCE;
				MTL_FAST_MATH = YES;
				ONLY_ACTIVE_ARCH = YES;
				SDKROOT = iphoneos;
				SWIFT_ACTIVE_COMPILATION_CONDITIONS = "DEBUG $(inherited)";
				SWIFT_OPTIMIZATION_LEVEL = "-Onone";
			};
			name = Debug;
		};
		FBF681392BDD5A8C00C34B0D /* Release */ = {
			isa = XCBuildConfiguration;
			buildSettings = {
				ALWAYS_SEARCH_USER_PATHS = NO;
				ASSETCATALOG_COMPILER_GENERATE_SWIFT_ASSET_SYMBOL_EXTENSIONS = YES;
				CLANG_ANALYZER_NONNULL = YES;
				CLANG_ANALYZER_NUMBER_OBJECT_CONVERSION = YES_AGGRESSIVE;
				CLANG_CXX_LANGUAGE_STANDARD = "gnu++20";
				CLANG_ENABLE_MODULES = YES;
				CLANG_ENABLE_OBJC_ARC = YES;
				CLANG_ENABLE_OBJC_WEAK = YES;
				CLANG_WARN_BLOCK_CAPTURE_AUTORELEASING = YES;
				CLANG_WARN_BOOL_CONVERSION = YES;
				CLANG_WARN_COMMA = YES;
				CLANG_WARN_CONSTANT_CONVERSION = YES;
				CLANG_WARN_DEPRECATED_OBJC_IMPLEMENTATIONS = YES;
				CLANG_WARN_DIRECT_OBJC_ISA_USAGE = YES_ERROR;
				CLANG_WARN_DOCUMENTATION_COMMENTS = YES;
				CLANG_WARN_EMPTY_BODY = YES;
				CLANG_WARN_ENUM_CONVERSION = YES;
				CLANG_WARN_INFINITE_RECURSION = YES;
				CLANG_WARN_INT_CONVERSION = YES;
				CLANG_WARN_NON_LITERAL_NULL_CONVERSION = YES;
				CLANG_WARN_OBJC_IMPLICIT_RETAIN_SELF = YES;
				CLANG_WARN_OBJC_LITERAL_CONVERSION = YES;
				CLANG_WARN_OBJC_ROOT_CLASS = YES_ERROR;
				CLANG_WARN_QUOTED_INCLUDE_IN_FRAMEWORK_HEADER = YES;
				CLANG_WARN_RANGE_LOOP_ANALYSIS = YES;
				CLANG_WARN_STRICT_PROTOTYPES = YES;
				CLANG_WARN_SUSPICIOUS_MOVE = YES;
				CLANG_WARN_UNGUARDED_AVAILABILITY = YES_AGGRESSIVE;
				CLANG_WARN_UNREACHABLE_CODE = YES;
				CLANG_WARN__DUPLICATE_METHOD_MATCH = YES;
				COPY_PHASE_STRIP = NO;
				DEBUG_INFORMATION_FORMAT = "dwarf-with-dsym";
				ENABLE_NS_ASSERTIONS = NO;
				ENABLE_STRICT_OBJC_MSGSEND = YES;
				ENABLE_USER_SCRIPT_SANDBOXING = YES;
				GCC_C_LANGUAGE_STANDARD = gnu17;
				GCC_NO_COMMON_BLOCKS = YES;
				GCC_WARN_64_TO_32_BIT_CONVERSION = YES;
				GCC_WARN_ABOUT_RETURN_TYPE = YES_ERROR;
				GCC_WARN_UNDECLARED_SELECTOR = YES;
				GCC_WARN_UNINITIALIZED_AUTOS = YES_AGGRESSIVE;
				GCC_WARN_UNUSED_FUNCTION = YES;
				GCC_WARN_UNUSED_VARIABLE = YES;
				IPHONEOS_DEPLOYMENT_TARGET = 17.4;
				LOCALIZATION_PREFERS_STRING_CATALOGS = YES;
				MTL_ENABLE_DEBUG_INFO = NO;
				MTL_FAST_MATH = YES;
				SDKROOT = iphoneos;
				SWIFT_COMPILATION_MODE = wholemodule;
				VALIDATE_PRODUCT = YES;
			};
			name = Release;
		};
		FBF6813B2BDD5A8C00C34B0D /* Debug */ = {
			isa = XCBuildConfiguration;
			buildSettings = {
				ASSETCATALOG_COMPILER_APPICON_NAME = AppIcon;
				ASSETCATALOG_COMPILER_GLOBAL_ACCENT_COLOR_NAME = AccentColor;
				CODE_SIGN_STYLE = Automatic;
				CURRENT_PROJECT_VERSION = 1;
				GENERATE_INFOPLIST_FILE = YES;
				INFOPLIST_FILE = PracticaExamen/Info.plist;
				INFOPLIST_KEY_UIApplicationSupportsIndirectInputEvents = YES;
				INFOPLIST_KEY_UILaunchStoryboardName = LaunchScreen;
				INFOPLIST_KEY_UIMainStoryboardFile = Main;
				INFOPLIST_KEY_UISupportedInterfaceOrientations_iPad = "UIInterfaceOrientationPortrait UIInterfaceOrientationPortraitUpsideDown UIInterfaceOrientationLandscapeLeft UIInterfaceOrientationLandscapeRight";
				INFOPLIST_KEY_UISupportedInterfaceOrientations_iPhone = "UIInterfaceOrientationPortrait UIInterfaceOrientationLandscapeLeft UIInterfaceOrientationLandscapeRight";
				LD_RUNPATH_SEARCH_PATHS = (
					"$(inherited)",
					"@executable_path/Frameworks",
				);
				MARKETING_VERSION = 1.0;
				PRODUCT_BUNDLE_IDENTIFIER = com.tecsup.PracticaExamen;
				PRODUCT_NAME = "$(TARGET_NAME)";
				SWIFT_EMIT_LOC_STRINGS = YES;
				SWIFT_VERSION = 5.0;
				TARGETED_DEVICE_FAMILY = "1,2";
			};
			name = Debug;
		};
		FBF6813C2BDD5A8C00C34B0D /* Release */ = {
			isa = XCBuildConfiguration;
			buildSettings = {
				ASSETCATALOG_COMPILER_APPICON_NAME = AppIcon;
				ASSETCATALOG_COMPILER_GLOBAL_ACCENT_COLOR_NAME = AccentColor;
				CODE_SIGN_STYLE = Automatic;
				CURRENT_PROJECT_VERSION = 1;
				GENERATE_INFOPLIST_FILE = YES;
				INFOPLIST_FILE = PracticaExamen/Info.plist;
				INFOPLIST_KEY_UIApplicationSupportsIndirectInputEvents = YES;
				INFOPLIST_KEY_UILaunchStoryboardName = LaunchScreen;
				INFOPLIST_KEY_UIMainStoryboardFile = Main;
				INFOPLIST_KEY_UISupportedInterfaceOrientations_iPad = "UIInterfaceOrientationPortrait UIInterfaceOrientationPortraitUpsideDown UIInterfaceOrientationLandscapeLeft UIInterfaceOrientationLandscapeRight";
				INFOPLIST_KEY_UISupportedInterfaceOrientations_iPhone = "UIInterfaceOrientationPortrait UIInterfaceOrientationLandscapeLeft UIInterfaceOrientationLandscapeRight";
				LD_RUNPATH_SEARCH_PATHS = (
					"$(inherited)",
					"@executable_path/Frameworks",
				);
				MARKETING_VERSION = 1.0;
				PRODUCT_BUNDLE_IDENTIFIER = com.tecsup.PracticaExamen;
				PRODUCT_NAME = "$(TARGET_NAME)";
				SWIFT_EMIT_LOC_STRINGS = YES;
				SWIFT_VERSION = 5.0;
				TARGETED_DEVICE_FAMILY = "1,2";
			};
			name = Release;
		};
/* End XCBuildConfiguration section */

/* Begin XCConfigurationList section */
		FBF681212BDD5A8B00C34B0D /* Build configuration list for PBXProject "PracticaExamen" */ = {
			isa = XCConfigurationList;
			buildConfigurations = (
				FBF681382BDD5A8C00C34B0D /* Debug */,
				FBF681392BDD5A8C00C34B0D /* Release */,
			);
			defaultConfigurationIsVisible = 0;
			defaultConfigurationName = Release;
		};
		FBF6813A2BDD5A8C00C34B0D /* Build configuration list for PBXNativeTarget "PracticaExamen" */ = {
			isa = XCConfigurationList;
			buildConfigurations = (
				FBF6813B2BDD5A8C00C34B0D /* Debug */,
				FBF6813C2BDD5A8C00C34B0D /* Release */,
			);
			defaultConfigurationIsVisible = 0;
			defaultConfigurationName = Release;
		};
/* End XCConfigurationList section */
	};
	rootObject = FBF6811E2BDD5A8B00C34B0D /* Project object */;
}
